
Microsoft Visual Studio Solution File, Format Version 12.00
# Visual Studio 14
VisualStudioVersion = 14.0.25123.0
MinimumVisualStudioVersion = 10.0.40219.1
Project("{FAE04EC0-301F-11D3-BF4B-00C04F79EFBC}") = "Tarea3RegistroUH", "Tarea3RegistroUH\Tarea3RegistroUH.csproj", "{B08A0535-C37B-4FA1-B550-79AE60C082EF}"
EndProject
Global
	GlobalSection(SolutionConfigurationPlatforms) = preSolution
		Debug|Any CPU = Debug|Any CPU
		Release|Any CPU = Release|Any CPU
	EndGlobalSection
	GlobalSection(ProjectConfigurationPlatforms) = postSolution
		{B08A0535-C37B-4FA1-B550-79AE60C082EF}.Debug|Any CPU.ActiveCfg = Debug|Any CPU
		{B08A0535-C37B-4FA1-B550-79AE60C082EF}.Debug|Any CPU.Build.0 = Debug|Any CPU
		{B08A0535-C37B-4FA1-B550-79AE60C082EF}.Release|Any CPU.ActiveCfg = Release|Any CPU
		{B08A0535-C37B-4FA1-B550-79AE60C082EF}.Release|Any CPU.Build.0 = Release|Any CPU
	EndGlobalSection
	GlobalSection(SolutionProperties) = preSolution
		HideSolutionNode = FALSE
	EndGlobalSection
EndGlobal
